// !$*UTF8*$!
{
	archiveVersion = 1;
	classes = {
	};
	objectVersion = 46;
	objects = {

/* Begin PBXBuildFile section */
		572FDDED1BCE54F8006FBADD /* AppDelegate.swift in Sources */ = {isa = PBXBuildFile; fileRef = 572FDDEC1BCE54F8006FBADD /* AppDelegate.swift */; };
		572FDDEF1BCE54F8006FBADD /* ViewController.swift in Sources */ = {isa = PBXBuildFile; fileRef = 572FDDEE1BCE54F8006FBADD /* ViewController.swift */; };
		572FDDF21BCE54F8006FBADD /* Main.storyboard in Resources */ = {isa = PBXBuildFile; fileRef = 572FDDF01BCE54F8006FBADD /* Main.storyboard */; };
		572FDDF41BCE54F8006FBADD /* Assets.xcassets in Resources */ = {isa = PBXBuildFile; fileRef = 572FDDF31BCE54F8006FBADD /* Assets.xcassets */; };
		572FDDF71BCE54F8006FBADD /* LaunchScreen.storyboard in Resources */ = {isa = PBXBuildFile; fileRef = 572FDDF51BCE54F8006FBADD /* LaunchScreen.storyboard */; };
		572FDE021BCE54F8006FBADD /* testVPNTests.swift in Sources */ = {isa = PBXBuildFile; fileRef = 572FDE011BCE54F8006FBADD /* testVPNTests.swift */; };
		572FDE0D1BCE54F8006FBADD /* testVPNUITests.swift in Sources */ = {isa = PBXBuildFile; fileRef = 572FDE0C1BCE54F8006FBADD /* testVPNUITests.swift */; };
		574868211BCE734F00AEADBC /* NetworkExtension.framework in Frameworks */ = {isa = PBXBuildFile; fileRef = 574868201BCE734F00AEADBC /* NetworkExtension.framework */; };
/* End PBXBuildFile section */

/* Begin PBXContainerItemProxy section */
		572FDDFE1BCE54F8006FBADD /* PBXContainerItemProxy */ = {
			isa = PBXContainerItemProxy;
			containerPortal = 572FDDE11BCE54F8006FBADD /* Project object */;
			proxyType = 1;
			remoteGlobalIDString = 572FDDE81BCE54F8006FBADD;
			remoteInfo = testVPN;
		};
		572FDE091BCE54F8006FBADD /* PBXContainerItemProxy */ = {
			isa = PBXContainerItemProxy;
			containerPortal = 572FDDE11BCE54F8006FBADD /* Project object */;
			proxyType = 1;
			remoteGlobalIDString = 572FDDE81BCE54F8006FBADD;
			remoteInfo = testVPN;
		};
/* End PBXContainerItemProxy section */

/* Begin PBXFileReference section */
		572FDDE91BCE54F8006FBADD /* testVPN.app */ = {isa = PBXFileReference; explicitFileType = wrapper.application; includeInIndex = 0; path = testVPN.app; sourceTree = BUILT_PRODUCTS_DIR; };
		572FDDEC1BCE54F8006FBADD /* AppDelegate.swift */ = {isa = PBXFileReference; lastKnownFileType = sourcecode.swift; path = AppDelegate.swift; sourceTree = "<group>"; };
		572FDDEE1BCE54F8006FBADD /* ViewController.swift */ = {isa = PBXFileReference; lastKnownFileType = sourcecode.swift; path = ViewController.swift; sourceTree = "<group>"; };
		572FDDF11BCE54F8006FBADD /* Base */ = {isa = PBXFileReference; lastKnownFileType = file.storyboard; name = Base; path = Base.lproj/Main.storyboard; sourceTree = "<group>"; };
		572FDDF31BCE54F8006FBADD /* Assets.xcassets */ = {isa = PBXFileReference; lastKnownFileType = folder.assetcatalog; path = Assets.xcassets; sourceTree = "<group>"; };
		572FDDF61BCE54F8006FBADD /* Base */ = {isa = PBXFileReference; lastKnownFileType = file.storyboard; name = Base; path = Base.lproj/LaunchScreen.storyboard; sourceTree = "<group>"; };
		572FDDF81BCE54F8006FBADD /* Info.plist */ = {isa = PBXFileReference; lastKnownFileType = text.plist.xml; path = Info.plist; sourceTree = "<group>"; };
		572FDDFD1BCE54F8006FBADD /* testVPNTests.xctest */ = {isa = PBXFileReference; explicitFileType = wrapper.cfbundle; includeInIndex = 0; path = testVPNTests.xctest; sourceTree = BUILT_PRODUCTS_DIR; };
		572FDE011BCE54F8006FBADD /* testVPNTests.swift */ = {isa = PBXFileReference; lastKnownFileType = sourcecode.swift; path = testVPNTests.swift; sourceTree = "<group>"; };
		572FDE031BCE54F8006FBADD /* Info.plist */ = {isa = PBXFileReference; lastKnownFileType = text.plist.xml; path = Info.plist; sourceTree = "<group>"; };
		572FDE081BCE54F8006FBADD /* testVPNUITests.xctest */ = {isa = PBXFileReference; explicitFileType = wrapper.cfbundle; includeInIndex = 0; path = testVPNUITests.xctest; sourceTree = BUILT_PRODUCTS_DIR; };
		572FDE0C1BCE54F8006FBADD /* testVPNUITests.swift */ = {isa = PBXFileReference; lastKnownFileType = sourcecode.swift; path = testVPNUITests.swift; sourceTree = "<group>"; };
		572FDE0E1BCE54F8006FBADD /* Info.plist */ = {isa = PBXFileReference; lastKnownFileType = text.plist.xml; path = Info.plist; sourceTree = "<group>"; };
		574868201BCE734F00AEADBC /* NetworkExtension.framework */ = {isa = PBXFileReference; lastKnownFileType = wrapper.framework; name = NetworkExtension.framework; path = System/Library/Frameworks/NetworkExtension.framework; sourceTree = SDKROOT; };
		574868221BCE734F00AEADBC /* testVPN.entitlements */ = {isa = PBXFileReference; lastKnownFileType = text.xml; path = testVPN.entitlements; sourceTree = "<group>"; };
/* End PBXFileReference section */

/* Begin PBXFrameworksBuildPhase section */
		572FDDE61BCE54F8006FBADD /* Frameworks */ = {
			isa = PBXFrameworksBuildPhase;
			buildActionMask = 2147483647;
			files = (
				574868211BCE734F00AEADBC /* NetworkExtension.framework in Frameworks */,
			);
			runOnlyForDeploymentPostprocessing = 0;
		};
		572FDDFA1BCE54F8006FBADD /* Frameworks */ = {
			isa = PBXFrameworksBuildPhase;
			buildActionMask = 2147483647;
			files = (
			);
			runOnlyForDeploymentPostprocessing = 0;
		};
		572FDE051BCE54F8006FBADD /* Frameworks */ = {
			isa = PBXFrameworksBuildPhase;
			buildActionMask = 2147483647;
			files = (
			);
			runOnlyForDeploymentPostprocessing = 0;
		};
/* End PBXFrameworksBuildPhase section */

/* Begin PBXGroup section */
		572FDDE01BCE54F8006FBADD = {
			isa = PBXGroup;
			children = (
				574868201BCE734F00AEADBC /* NetworkExtension.framework */,
				572FDDEB1BCE54F8006FBADD /* testVPN */,
				572FDE001BCE54F8006FBADD /* testVPNTests */,
				572FDE0B1BCE54F8006FBADD /* testVPNUITests */,
				572FDDEA1BCE54F8006FBADD /* Products */,
			);
			sourceTree = "<group>";
		};
		572FDDEA1BCE54F8006FBADD /* Products */ = {
			isa = PBXGroup;
			children = (
				572FDDE91BCE54F8006FBADD /* testVPN.app */,
				572FDDFD1BCE54F8006FBADD /* testVPNTests.xctest */,
				572FDE081BCE54F8006FBADD /* testVPNUITests.xctest */,
			);
			name = Products;
			sourceTree = "<group>";
		};
		572FDDEB1BCE54F8006FBADD /* testVPN */ = {
			isa = PBXGroup;
			children = (
				574868221BCE734F00AEADBC /* testVPN.entitlements */,
				572FDDEC1BCE54F8006FBADD /* AppDelegate.swift */,
				572FDDEE1BCE54F8006FBADD /* ViewController.swift */,
				572FDDF01BCE54F8006FBADD /* Main.storyboard */,
				572FDDF31BCE54F8006FBADD /* Assets.xcassets */,
				572FDDF51BCE54F8006FBADD /* LaunchScreen.storyboard */,
				572FDDF81BCE54F8006FBADD /* Info.plist */,
			);
			path = testVPN;
			sourceTree = "<group>";
		};
		572FDE001BCE54F8006FBADD /* testVPNTests */ = {
			isa = PBXGroup;
			children = (
				572FDE011BCE54F8006FBADD /* testVPNTests.swift */,
				572FDE031BCE54F8006FBADD /* Info.plist */,
			);
			path = testVPNTests;
			sourceTree = "<group>";
		};
		572FDE0B1BCE54F8006FBADD /* testVPNUITests */ = {
			isa = PBXGroup;
			children = (
				572FDE0C1BCE54F8006FBADD /* testVPNUITests.swift */,
				572FDE0E1BCE54F8006FBADD /* Info.plist */,
			);
			path = testVPNUITests;
			sourceTree = "<group>";
		};
/* End PBXGroup section */

/* Begin PBXNativeTarget section */
		572FDDE81BCE54F8006FBADD /* testVPN */ = {
			isa = PBXNativeTarget;
			buildConfigurationList = 572FDE111BCE54F8006FBADD /* Build configuration list for PBXNativeTarget "testVPN" */;
			buildPhases = (
				572FDDE51BCE54F8006FBADD /* Sources */,
				572FDDE61BCE54F8006FBADD /* Frameworks */,
				572FDDE71BCE54F8006FBADD /* Resources */,
			);
			buildRules = (
			);
			dependencies = (
			);
			name = testVPN;
			productName = testVPN;
			productReference = 572FDDE91BCE54F8006FBADD /* testVPN.app */;
			productType = "com.apple.product-type.application";
		};
		572FDDFC1BCE54F8006FBADD /* testVPNTests */ = {
			isa = PBXNativeTarget;
			buildConfigurationList = 572FDE141BCE54F8006FBADD /* Build configuration list for PBXNativeTarget "testVPNTests" */;
			buildPhases = (
				572FDDF91BCE54F8006FBADD /* Sources */,
				572FDDFA1BCE54F8006FBADD /* Frameworks */,
				572FDDFB1BCE54F8006FBADD /* Resources */,
			);
			buildRules = (
			);
			dependencies = (
				572FDDFF1BCE54F8006FBADD /* PBXTargetDependency */,
			);
			name = testVPNTests;
			productName = testVPNTests;
			productReference = 572FDDFD1BCE54F8006FBADD /* testVPNTests.xctest */;
			productType = "com.apple.product-type.bundle.unit-test";
		};
		572FDE071BCE54F8006FBADD /* testVPNUITests */ = {
			isa = PBXNativeTarget;
			buildConfigurationList = 572FDE171BCE54F8006FBADD /* Build configuration list for PBXNativeTarget "testVPNUITests" */;
			buildPhases = (
				572FDE041BCE54F8006FBADD /* Sources */,
				572FDE051BCE54F8006FBADD /* Frameworks */,
				572FDE061BCE54F8006FBADD /* Resources */,
			);
			buildRules = (
			);
			dependencies = (
				572FDE0A1BCE54F8006FBADD /* PBXTargetDependency */,
			);
			name = testVPNUITests;
			productName = testVPNUITests;
			productReference = 572FDE081BCE54F8006FBADD /* testVPNUITests.xctest */;
			productType = "com.apple.product-type.bundle.ui-testing";
		};
/* End PBXNativeTarget section */

/* Begin PBXProject section */
		572FDDE11BCE54F8006FBADD /* Project object */ = {
			isa = PBXProject;
			attributes = {
				LastUpgradeCheck = 0700;
				ORGANIZATIONNAME = "Victor Ursan";
				TargetAttributes = {
					572FDDE81BCE54F8006FBADD = {
						CreatedOnToolsVersion = 7.0.1;
						DevelopmentTeam = 94TWQJ7GSF;
						SystemCapabilities = {
							com.apple.VPNLite = {
								enabled = 1;
							};
						};
					};
					572FDDFC1BCE54F8006FBADD = {
						CreatedOnToolsVersion = 7.0.1;
						TestTargetID = 572FDDE81BCE54F8006FBADD;
					};
					572FDE071BCE54F8006FBADD = {
						CreatedOnToolsVersion = 7.0.1;
						TestTargetID = 572FDDE81BCE54F8006FBADD;
					};
				};
			};
			buildConfigurationList = 572FDDE41BCE54F8006FBADD /* Build configuration list for PBXProject "testVPN" */;
			compatibilityVersion = "Xcode 3.2";
			developmentRegion = English;
			hasScannedForEncodings = 0;
			knownRegions = (
				en,
				Base,
			);
			mainGroup = 572FDDE01BCE54F8006FBADD;
			productRefGroup = 572FDDEA1BCE54F8006FBADD /* Products */;
			projectDirPath = "";
			projectRoot = "";
			targets = (
				572FDDE81BCE54F8006FBADD /* testVPN */,
				572FDDFC1BCE54F8006FBADD /* testVPNTests */,
				572FDE071BCE54F8006FBADD /* testVPNUITests */,
			);
		};
/* End PBXProject section */

/* Begin PBXResourcesBuildPhase section */
		572FDDE71BCE54F8006FBADD /* Resources */ = {
			isa = PBXResourcesBuildPhase;
			buildActionMask = 2147483647;
			files = (
				572FDDF71BCE54F8006FBADD /* LaunchScreen.storyboard in Resources */,
				572FDDF41BCE54F8006FBADD /* Assets.xcassets in Resources */,
				572FDDF21BCE54F8006FBADD /* Main.storyboard in Resources */,
			);
			runOnlyForDeploymentPostprocessing = 0;
		};
		572FDDFB1BCE54F8006FBADD /* Resources */ = {
			isa = PBXResourcesBuildPhase;
			buildActionMask = 2147483647;
			files = (
			);
			runOnlyForDeploymentPostprocessing = 0;
		};
		572FDE061BCE54F8006FBADD /* Resources */ = {
			isa = PBXResourcesBuildPhase;
			buildActionMask = 2147483647;
			files = (
			);
			runOnlyForDeploymentPostprocessing = 0;
		};
/* End PBXResourcesBuildPhase section */

/* Begin PBXSourcesBuildPhase section */
		572FDDE51BCE54F8006FBADD /* Sources */ = {
			isa = PBXSourcesBuildPhase;
			buildActionMask = 2147483647;
			files = (
				572FDDEF1BCE54F8006FBADD /* ViewController.swift in Sources */,
				572FDDED1BCE54F8006FBADD /* AppDelegate.swift in Sources */,
			);
			runOnlyForDeploymentPostprocessing = 0;
		};
		572FDDF91BCE54F8006FBADD /* Sources */ = {
			isa = PBXSourcesBuildPhase;
			buildActionMask = 2147483647;
			files = (
				572FDE021BCE54F8006FBADD /* testVPNTests.swift in Sources */,
			);
			runOnlyForDeploymentPostprocessing = 0;
		};
		572FDE041BCE54F8006FBADD /* Sources */ = {
			isa = PBXSourcesBuildPhase;
			buildActionMask = 2147483647;
			files = (
				572FDE0D1BCE54F8006FBADD /* testVPNUITests.swift in Sources */,
			);
			runOnlyForDeploymentPostprocessing = 0;
		};
/* End PBXSourcesBuildPhase section */

/* Begin PBXTargetDependency section */
		572FDDFF1BCE54F8006FBADD /* PBXTargetDependency */ = {
			isa = PBXTargetDependency;
			target = 572FDDE81BCE54F8006FBADD /* testVPN */;
			targetProxy = 572FDDFE1BCE54F8006FBADD /* PBXContainerItemProxy */;
		};
		572FDE0A1BCE54F8006FBADD /* PBXTargetDependency */ = {
			isa = PBXTargetDependency;
			target = 572FDDE81BCE54F8006FBADD /* testVPN */;
			targetProxy = 572FDE091BCE54F8006FBADD /* PBXContainerItemProxy */;
		};
/* End PBXTargetDependency section */

/* Begin PBXVariantGroup section */
		572FDDF01BCE54F8006FBADD /* Main.storyboard */ = {
			isa = PBXVariantGroup;
			children = (
				572FDDF11BCE54F8006FBADD /* Base */,
			);
			name = Main.storyboard;
			sourceTree = "<group>";
		};
		572FDDF51BCE54F8006FBADD /* LaunchScreen.storyboard */ = {
			isa = PBXVariantGroup;
			children = (
				572FDDF61BCE54F8006FBADD /* Base */,
			);
			name = LaunchScreen.storyboard;
			sourceTree = "<group>";
		};
/* End PBXVariantGroup section */

/* Begin XCBuildConfiguration section */
		572FDE0F1BCE54F8006FBADD /* Debug */ = {
			isa = XCBuildConfiguration;
			buildSettings = {
				ALWAYS_SEARCH_USER_PATHS = NO;
				CLANG_CXX_LANGUAGE_STANDARD = "gnu++0x";
				CLANG_CXX_LIBRARY = "libc++";
				CLANG_ENABLE_MODULES = YES;
				CLANG_ENABLE_OBJC_ARC = YES;
				CLANG_WARN_BOOL_CONVERSION = YES;
				CLANG_WARN_CONSTANT_CONVERSION = YES;
				CLANG_WARN_DIRECT_OBJC_ISA_USAGE = YES_ERROR;
				CLANG_WARN_EMPTY_BODY = YES;
				CLANG_WARN_ENUM_CONVERSION = YES;
				CLANG_WARN_INT_CONVERSION = YES;
				CLANG_WARN_OBJC_ROOT_CLASS = YES_ERROR;
				CLANG_WARN_UNREACHABLE_CODE = YES;
				CLANG_WARN__DUPLICATE_METHOD_MATCH = YES;
				"CODE_SIGN_IDENTITY[sdk=iphoneos*]" = "iPhone Developer";
				COPY_PHASE_STRIP = NO;
				DEBUG_INFORMATION_FORMAT = dwarf;
				ENABLE_STRICT_OBJC_MSGSEND = YES;
				ENABLE_TESTABILITY = YES;
				GCC_C_LANGUAGE_STANDARD = gnu99;
				GCC_DYNAMIC_NO_PIC = NO;
				GCC_NO_COMMON_BLOCKS = YES;
				GCC_OPTIMIZATION_LEVEL = 0;
				GCC_PREPROCESSOR_DEFINITIONS = (
					"DEBUG=1",
					"$(inherited)",
				);
				GCC_WARN_64_TO_32_BIT_CONVERSION = YES;
				GCC_WARN_ABOUT_RETURN_TYPE = YES_ERROR;
				GCC_WARN_UNDECLARED_SELECTOR = YES;
				GCC_WARN_UNINITIALIZED_AUTOS = YES_AGGRESSIVE;
				GCC_WARN_UNUSED_FUNCTION = YES;
				GCC_WARN_UNUSED_VARIABLE = YES;
				IPHONEOS_DEPLOYMENT_TARGET = 9.0;
				MTL_ENABLE_DEBUG_INFO = YES;
				ONLY_ACTIVE_ARCH = YES;
				SDKROOT = iphoneos;
				SWIFT_OPTIMIZATION_LEVEL = "-Onone";
				TARGETED_DEVICE_FAMILY = "1,2";
			};
			name = Debug;
		};
		572FDE101BCE54F8006FBADD /* Release */ = {
			isa = XCBuildConfiguration;
			buildSettings = {
				ALWAYS_SEARCH_USER_PATHS = NO;
				CLANG_CXX_LANGUAGE_STANDARD = "gnu++0x";
				CLANG_CXX_LIBRARY = "libc++";
				CLANG_ENABLE_MODULES = YES;
				CLANG_ENABLE_OBJC_ARC = YES;
				CLANG_WARN_BOOL_CONVERSION = YES;
				CLANG_WARN_CONSTANT_CONVERSION = YES;
				CLANG_WARN_DIRECT_OBJC_ISA_USAGE = YES_ERROR;
				CLANG_WARN_EMPTY_BODY = YES;
				CLANG_WARN_ENUM_CONVERSION = YES;
				CLANG_WARN_INT_CONVERSION = YES;
				CLANG_WARN_OBJC_ROOT_CLASS = YES_ERROR;
				CLANG_WARN_UNREACHABLE_CODE = YES;
				CLANG_WARN__DUPLICATE_METHOD_MATCH = YES;
				"CODE_SIGN_IDENTITY[sdk=iphoneos*]" = "iPhone Developer";
				COPY_PHASE_STRIP = NO;
				DEBUG_INFORMATION_FORMAT = "dwarf-with-dsym";
				ENABLE_NS_ASSERTIONS = NO;
				ENABLE_STRICT_OBJC_MSGSEND = YES;
				GCC_C_LANGUAGE_STANDARD = gnu99;
				GCC_NO_COMMON_BLOCKS = YES;
				GCC_WARN_64_TO_32_BIT_CONVERSION = YES;
				GCC_WARN_ABOUT_RETURN_TYPE = YES_ERROR;
				GCC_WARN_UNDECLARED_SELECTOR = YES;
				GCC_WARN_UNINITIALIZED_AUTOS = YES_AGGRESSIVE;
				GCC_WARN_UNUSED_FUNCTION = YES;
				GCC_WARN_UNUSED_VARIABLE = YES;
				IPHONEOS_DEPLOYMENT_TARGET = 9.0;
				MTL_ENABLE_DEBUG_INFO = NO;
				SDKROOT = iphoneos;
				TARGETED_DEVICE_FAMILY = "1,2";
				VALIDATE_PRODUCT = YES;
			};
			name = Release;
		};
		572FDE121BCE54F8006FBADD /* Debug */ = {
			isa = XCBuildConfiguration;
			buildSettings = {
				ASSETCATALOG_COMPILER_APPICON_NAME = AppIcon;
				CODE_SIGN_ENTITLEMENTS = testVPN/testVPN.entitlements;
				CODE_SIGN_IDENTITY = "iPhone Developer";
				"CODE_SIGN_IDENTITY[sdk=iphoneos*]" = "iPhone Developer";
				INFOPLIST_FILE = testVPN/Info.plist;
				LD_RUNPATH_SEARCH_PATHS = "$(inherited) @executable_path/Frameworks";
				PRODUCT_BUNDLE_IDENTIFIER = com.victor.testVPN;
				PRODUCT_NAME = "$(TARGET_NAME)";
				PROVISIONING_PROFILE = "";
			};
			name = Debug;
		};
		572FDE131BCE54F8006FBADD /* Release */ = {
			isa = XCBuildConfiguration;
			buildSettings = {
				ASSETCATALOG_COMPILER_APPICON_NAME = AppIcon;
				CODE_SIGN_ENTITLEMENTS = testVPN/testVPN.entitlements;
				CODE_SIGN_IDENTITY = "iPhone Developer";
				"CODE_SIGN_IDENTITY[sdk=iphoneos*]" = "iPhone Developer";
				INFOPLIST_FILE = testVPN/Info.plist;
				LD_RUNPATH_SEARCH_PATHS = "$(inherited) @executable_path/Frameworks";
				PRODUCT_BUNDLE_IDENTIFIER = com.victor.testVPN;
				PRODUCT_NAME = "$(TARGET_NAME)";
				PROVISIONING_PROFILE = "";
			};
			name = Release;
		};
		572FDE151BCE54F8006FBADD /* Debug */ = {
			isa = XCBuildConfiguration;
			buildSettings = {
				BUNDLE_LOADER = "$(TEST_HOST)";
				INFOPLIST_FILE = testVPNTests/Info.plist;
				LD_RUNPATH_SEARCH_PATHS = "$(inherited) @executable_path/Frameworks @loader_path/Frameworks";
				PRODUCT_BUNDLE_IDENTIFIER = com.victor.testVPNTests;
				PRODUCT_NAME = "$(TARGET_NAME)";
				TEST_HOST = "$(BUILT_PRODUCTS_DIR)/testVPN.app/testVPN";
			};
			name = Debug;
		};
		572FDE161BCE54F8006FBADD /* Release */ = {
			isa = XCBuildConfiguration;
			buildSettings = {
				BUNDLE_LOADER = "$(TEST_HOST)";
				INFOPLIST_FILE = testVPNTests/Info.plist;
				LD_RUNPATH_SEARCH_PATHS = "$(inherited) @executable_path/Frameworks @loader_path/Frameworks";
				PRODUCT_BUNDLE_IDENTIFIER = com.victor.testVPNTests;
				PRODUCT_NAME = "$(TARGET_NAME)";
				TEST_HOST = "$(BUILT_PRODUCTS_DIR)/testVPN.app/testVPN";
			};
			name = Release;
		};
		572FDE181BCE54F8006FBADD /* Debug */ = {
			isa = XCBuildConfiguration;
			buildSettings = {
				INFOPLIST_FILE = testVPNUITests/Info.plist;
				LD_RUNPATH_SEARCH_PATHS = "$(inherited) @executable_path/Frameworks @loader_path/Frameworks";
				PRODUCT_BUNDLE_IDENTIFIER = com.victor.testVPNUITests;
				PRODUCT_NAME = "$(TARGET_NAME)";
				TEST_TARGET_NAME = testVPN;
				USES_XCTRUNNER = YES;
			};
			name = Debug;
		};
		572FDE191BCE54F8006FBADD /* Release */ = {
			isa = XCBuildConfiguration;
			buildSettings = {
				INFOPLIST_FILE = testVPNUITests/Info.plist;
				LD_RUNPATH_SEARCH_PATHS = "$(inherited) @executable_path/Frameworks @loader_path/Frameworks";
				PRODUCT_BUNDLE_IDENTIFIER = com.victor.testVPNUITests;
				PRODUCT_NAME = "$(TARGET_NAME)";
				TEST_TARGET_NAME = testVPN;
				USES_XCTRUNNER = YES;
			};
			name = Release;
		};
/* End XCBuildConfiguration section */

/* Begin XCConfigurationList section */
		572FDDE41BCE54F8006FBADD /* Build configuration list for PBXProject "testVPN" */ = {
			isa = XCConfigurationList;
			buildConfigurations = (
				572FDE0F1BCE54F8006FBADD /* Debug */,
				572FDE101BCE54F8006FBADD /* Release */,
			);
			defaultConfigurationIsVisible = 0;
			defaultConfigurationName = Release;
		};
		572FDE111BCE54F8006FBADD /* Build configuration list for PBXNativeTarget "testVPN" */ = {
			isa = XCConfigurationList;
			buildConfigurations = (
				572FDE121BCE54F8006FBADD /* Debug */,
				572FDE131BCE54F8006FBADD /* Release */,
			);
			defaultConfigurationIsVisible = 0;
			defaultConfigurationName = Release;
		};
		572FDE141BCE54F8006FBADD /* Build configuration list for PBXNativeTarget "testVPNTests" */ = {
			isa = XCConfigurationList;
			buildConfigurations = (
				572FDE151BCE54F8006FBADD /* Debug */,
				572FDE161BCE54F8006FBADD /* Release */,
			);
			defaultConfigurationIsVisible = 0;
			defaultConfigurationName = Release;
		};
		572FDE171BCE54F8006FBADD /* Build configuration list for PBXNativeTarget "testVPNUITests" */ = {
			isa = XCConfigurationList;
			buildConfigurations = (
				572FDE181BCE54F8006FBADD /* Debug */,
				572FDE191BCE54F8006FBADD /* Release */,
			);
			defaultConfigurationIsVisible = 0;
			defaultConfigurationName = Release;
		};
/* End XCConfigurationList section */
	};
	rootObject = 572FDDE11BCE54F8006FBADD /* Project object */;
}
